
Microsoft Visual Studio Solution File, Format Version 12.00
# Visual Studio Version 16
VisualStudioVersion = 16.0.31911.196
MinimumVisualStudioVersion = 10.0.40219.1
Project("{9A19103F-16F7-4668-BE54-9A1E7A4F7556}") = "api", "api.csproj", "{300C7E16-7886-481B-8F32-23FA5697AEDB}"
EndProject
Global
	GlobalSection(SolutionConfigurationPlatforms) = preSolution
		Debug|Any CPU = Debug|Any CPU
		Release|Any CPU = Release|Any CPU
	EndGlobalSection
	GlobalSection(ProjectConfigurationPlatforms) = postSolution
		{300C7E16-7886-481B-8F32-23FA5697AEDB}.Debug|Any CPU.ActiveCfg = Debug|Any CPU
		{300C7E16-7886-481B-8F32-23FA5697AEDB}.Debug|Any CPU.Build.0 = Debug|Any CPU
		{300C7E16-7886-481B-8F32-23FA5697AEDB}.Release|Any CPU.ActiveCfg = Release|Any CPU
		{300C7E16-7886-481B-8F32-23FA5697AEDB}.Release|Any CPU.Build.0 = Release|Any CPU
	EndGlobalSection
	GlobalSection(SolutionProperties) = preSolution
		HideSolutionNode = FALSE
	EndGlobalSection
	GlobalSection(ExtensibilityGlobals) = postSolution
		SolutionGuid = {E6536D91-A8C8-43CB-A954-24F1A75DBE9F}
	EndGlobalSection
EndGlobal
